
Microsoft Visual Studio Solution File, Format Version 12.00
# Visual Studio Version 17
VisualStudioVersion = 17.0.31903.59
MinimumVisualStudioVersion = 10.0.40219.1
Project("{2150E333-8FDC-42A3-9474-1A3956D46DE8}") = "$root", "$root", "{A2F3E96D-B7C2-4B94-A2ED-2115A8722CAE}"
	ProjectSection(SolutionItems) = preProject
		.gitattributes = .gitattributes
		.gitignore = .gitignore
		Imports-Netxs.cs = Imports-Netxs.cs
		readme.md = readme.md
	EndProjectSection
EndProject
Project("{FAE04EC0-301F-11D3-BF4B-00C04F79EFBC}") = "source-implement", "src\source-implement.csproj", "{0416D779-EF59-48C7-9BE0-29AEE21985E5}"
EndProject
Project("{FAE04EC0-301F-11D3-BF4B-00C04F79EFBC}") = "library-headers", "headers\library-headers.csproj", "{815CD3B2-761B-4751-8407-9AA5786E8F33}"
EndProject
Global
	GlobalSection(SolutionConfigurationPlatforms) = preSolution
		Debug|Any CPU = Debug|Any CPU
		Debug|x64 = Debug|x64
		Release|Any CPU = Release|Any CPU
		Release|x64 = Release|x64
	EndGlobalSection
	GlobalSection(ProjectConfigurationPlatforms) = postSolution
		{0416D779-EF59-48C7-9BE0-29AEE21985E5}.Debug|Any CPU.ActiveCfg = Debug|Any CPU
		{0416D779-EF59-48C7-9BE0-29AEE21985E5}.Debug|Any CPU.Build.0 = Debug|Any CPU
		{0416D779-EF59-48C7-9BE0-29AEE21985E5}.Debug|x64.ActiveCfg = Debug|x64
		{0416D779-EF59-48C7-9BE0-29AEE21985E5}.Debug|x64.Build.0 = Debug|x64
		{0416D779-EF59-48C7-9BE0-29AEE21985E5}.Release|Any CPU.ActiveCfg = Release|Any CPU
		{0416D779-EF59-48C7-9BE0-29AEE21985E5}.Release|Any CPU.Build.0 = Release|Any CPU
		{0416D779-EF59-48C7-9BE0-29AEE21985E5}.Release|x64.ActiveCfg = Release|x64
		{0416D779-EF59-48C7-9BE0-29AEE21985E5}.Release|x64.Build.0 = Release|x64
		{815CD3B2-761B-4751-8407-9AA5786E8F33}.Debug|Any CPU.ActiveCfg = Debug|Any CPU
		{815CD3B2-761B-4751-8407-9AA5786E8F33}.Debug|Any CPU.Build.0 = Debug|Any CPU
		{815CD3B2-761B-4751-8407-9AA5786E8F33}.Debug|x64.ActiveCfg = Debug|x64
		{815CD3B2-761B-4751-8407-9AA5786E8F33}.Debug|x64.Build.0 = Debug|x64
		{815CD3B2-761B-4751-8407-9AA5786E8F33}.Release|Any CPU.ActiveCfg = Release|Any CPU
		{815CD3B2-761B-4751-8407-9AA5786E8F33}.Release|Any CPU.Build.0 = Release|Any CPU
		{815CD3B2-761B-4751-8407-9AA5786E8F33}.Release|x64.ActiveCfg = Release|x64
		{815CD3B2-761B-4751-8407-9AA5786E8F33}.Release|x64.Build.0 = Release|x64
	EndGlobalSection
	GlobalSection(SolutionProperties) = preSolution
		HideSolutionNode = FALSE
	EndGlobalSection
EndGlobal
